# Generated by pub
# See https://dart.dev/tools/pub/glossary#lockfile
packages:
  adaptive_dialog:
    dependency: "direct main"
    description:
      name: adaptive_dialog
      sha256: "570a517946abc252b79ca09ed95c7e397ccf669b052c76173448b981a3c4b207"
      url: "https://pub.dartlang.org"
    source: hosted
    version: "1.8.3+1"
  animations:
    dependency: transitive
    description:
      name: animations
      sha256: fe8a6bdca435f718bb1dc8a11661b2c22504c6da40ef934cee8327ed77934164
      url: "https://pub.dartlang.org"
    source: hosted
    version: "2.0.7"
  archive:
    dependency: transitive
    description:
      name: archive
      sha256: f06332efd7b0886705a929c5d3b52cda4d6d0979627c1dbe9a18fc24becf50ae
      url: "https://pub.dartlang.org"
    source: hosted
    version: "2.0.13"
  args:
    dependency: transitive
    description:
      name: args
      sha256: "6ba785824030bc97154264652acfd6a2dc699cd85f6def708fb7534d23ef1348"
      url: "https://pub.dartlang.org"
    source: hosted
    version: "1.6.0"
  async:
    dependency: transitive
    description:
      name: async
      sha256: bfe67ef28df125b7dddcea62755991f807aa39a2492a23e1550161692950bbe0
      url: "https://pub.dartlang.org"
    source: hosted
    version: "2.10.0"
  badges:
    dependency: "direct main"
    description:
      name: badges
      sha256: "6e7f3ec561ec08f47f912cfe349d4a1707afdc8dda271e17b046aa6d42c89e77"
      url: "https://pub.dartlang.org"
    source: hosted
    version: "3.1.1"
  boolean_selector:
    dependency: transitive
    description:
      name: boolean_selector
      sha256: "6cfb5af12253eaf2b368f07bacc5a80d1301a071c73360d746b7f2e32d762c66"
      url: "https://pub.dartlang.org"
    source: hosted
    version: "2.1.1"
  cached_network_image:
    dependency: "direct main"
    description:
      path: "../packages/flutter_cached_network_image"
      relative: true
    source: path
    version: "2.5.0"
  characters:
    dependency: transitive
    description:
      name: characters
      sha256: e6a326c8af69605aec75ed6c187d06b349707a27fbff8222ca9cc2cff167975c
      url: "https://pub.dartlang.org"
    source: hosted
    version: "1.2.1"
  charcode:
    dependency: transitive
    description:
      name: charcode
      sha256: fb98c0f6d12c920a02ee2d998da788bca066ca5f148492b7085ee23372b12306
      url: "https://pub.dartlang.org"
    source: hosted
    version: "1.3.1"
  chewie:
    dependency: transitive
    description:
      name: chewie
      sha256: "40720ff463c3143d5a725a57e9378e0f3d547e3014f6534aeb3ea6818afaa45e"
      url: "https://pub.dartlang.org"
    source: hosted
    version: "0.12.2"
  clipboard_manager:
    dependency: "direct main"
    description:
      path: "../packages/flutter_clipboardManager"
      relative: true
    source: path
    version: "0.0.3"
  clock:
    dependency: transitive
    description:
      name: clock
      sha256: cb6d7f03e1de671e34607e909a7213e31d7752be4fb66a86d29fe1eb14bfb5cf
      url: "https://pub.dartlang.org"
    source: hosted
    version: "1.1.1"
  collection:
    dependency: transitive
    description:
      name: collection
      sha256: cfc915e6923fe5ce6e153b0723c753045de46de1b4d63771530504004a45fae0
      url: "https://pub.dartlang.org"
    source: hosted
    version: "1.17.0"
  convert:
    dependency: transitive
    description:
      name: convert
      sha256: "3fa83bc417e26f1d55814443a603747d48e3cdf55b2f4fea27dea8e9224dcefd"
      url: "https://pub.dartlang.org"
    source: hosted
    version: "2.1.1"
  cookie_jar:
    dependency: transitive
    description:
      name: cookie_jar
      sha256: a6ac027d3ed6ed756bfce8f3ff60cb479e266f3b0fdabd6242b804b6765e52de
      url: "https://pub.dartlang.org"
    source: hosted
    version: "4.0.8"
  crypto:
    dependency: transitive
    description:
      name: crypto
      sha256: "3ce628f3c6a7144be6c524dbb20ca5af52fa59c850c587bf5e52cd70ece8e7e8"
      url: "https://pub.dartlang.org"
    source: hosted
    version: "2.1.5"
  csslib:
    dependency: transitive
    description:
      name: csslib
      sha256: c5f80c0361d95655647094aad231fd6efe2ef0f1ee85db4e0d1d99db4d789229
      url: "https://pub.dartlang.org"
    source: hosted
    version: "0.16.2"
  cupertino_icons:
    dependency: "direct main"
    description:
      name: cupertino_icons
      sha256: e35129dc44c9118cee2a5603506d823bab99c68393879edb440e0090d07586be
      url: "https://pub.dartlang.org"
    source: hosted
    version: "1.0.5"
  device_info:
    dependency: "direct main"
    description:
      name: device_info
      sha256: f4a8156cb7b7480d969cb734907d18b333c8f0bc0b1ad0b342cdcecf30d62c48
      url: "https://pub.dartlang.org"
    source: hosted
    version: "2.0.3"
  device_info_platform_interface:
    dependency: transitive
    description:
      name: device_info_platform_interface
      sha256: "299f74ea446013e156e0bbd4b39ea94c1844b5adb0e933459c38eeeed6f661c6"
      url: "https://pub.dartlang.org"
    source: hosted
    version: "2.0.0"
  dio:
    dependency: "direct main"
    description:
      name: dio
      sha256: "3866d67f93523161b643187af65f5ac08bc991a5bcdaf41a2d587fe4ccb49993"
      url: "https://pub.dartlang.org"
    source: hosted
    version: "5.3.0"
  dio_cookie_manager:
    dependency: "direct main"
    description:
      name: dio_cookie_manager
      sha256: c4b7a693aa09efd694a5c5e12065daa5e026647b106245281ed1042b3ebefb8f
      url: "https://pub.dartlang.org"
    source: hosted
    version: "3.1.0"
  dio_http2_adapter:
    dependency: "direct main"
    description:
      name: dio_http2_adapter
      sha256: ada89ff1ea108c191188e5112b1ae87f12f5995f8cbf50afe87a736e36f1a5af
      url: "https://pub.dartlang.org"
    source: hosted
    version: "2.3.1"
  dynamic_color:
    dependency: transitive
    description:
      name: dynamic_color
      sha256: de4798a7069121aee12d5895315680258415de9b00e717723a1bd73d58f0126d
      url: "https://pub.dartlang.org"
    source: hosted
    version: "1.6.6"
  event_bus:
    dependency: "direct main"
    description:
      name: event_bus
      sha256: "44baa799834f4c803921873e7446a2add0f3efa45e101a054b1f0ab9b95f8edc"
      url: "https://pub.dartlang.org"
    source: hosted
    version: "2.0.0"
  extended_nested_scroll_view:
    dependency: "direct main"
    description:
      name: extended_nested_scroll_view
      sha256: fc55b8f7e2c78701320d7eccda3b256387290b8498f0363d8ffd6f16760949d7
      url: "https://pub.dartlang.org"
    source: hosted
    version: "6.0.0"
  extended_text_field:
    dependency: "direct main"
    description:
      name: extended_text_field
      sha256: aadb1d215422fc07708ecd4ac5d7bff477ad3c2ed264bba887f2b458a4ebe3ed
      url: "https://pub.dartlang.org"
    source: hosted
    version: "11.0.1"
  extended_text_library:
    dependency: transitive
    description:
      name: extended_text_library
      sha256: "6d06b0ac53a09989e9864549f133c19c676d1456c5ee9470e2483f3cb1900f6e"
      url: "https://pub.dartlang.org"
    source: hosted
    version: "10.0.0"
  fake_async:
    dependency: transitive
    description:
      name: fake_async
      sha256: "511392330127add0b769b75a987850d136345d9227c6b94c96a04cf4a391bf78"
      url: "https://pub.dartlang.org"
    source: hosted
    version: "1.3.1"
  ffi:
    dependency: transitive
    description:
      name: ffi
      sha256: ed5337a5660c506388a9f012be0288fb38b49020ce2b45fe1f8b8323fe429f99
      url: "https://pub.dartlang.org"
    source: hosted
    version: "2.0.2"
  file:
    dependency: transitive
    description:
      name: file
      sha256: "1b92bec4fc2a72f59a8e15af5f52cd441e4a7860b49499d69dfa817af20e925d"
      url: "https://pub.dartlang.org"
    source: hosted
    version: "6.1.4"
  flare_dart:
    dependency: transitive
    description:
      name: flare_dart
      sha256: "55a2cfa73b781c9399d515d23ba95821fb08e7aaaef9fc29c5752cc5e7be1fa8"
      url: "https://pub.dartlang.org"
    source: hosted
    version: "2.3.4"
  flare_flutter:
    dependency: transitive
    description:
      name: flare_flutter
      sha256: "7eaeab3c247b782403771f54ca5bea2f5bfb243eaff3f379c95daa09c09bb6b3"
      url: "https://pub.dartlang.org"
    source: hosted
    version: "1.8.3"
  fluro:
    dependency: "direct main"
    description:
      name: fluro
      sha256: "24d07d0b285b213ec2045b83e85d076185fa5c23651e44dae0ac6755784b97d0"
      url: "https://pub.dartlang.org"
    source: hosted
    version: "2.0.5"
  flutter:
    dependency: "direct main"
    description: flutter
    source: sdk
    version: "0.0.0"
  flutter_absolute_path:
    dependency: "direct main"
    description:
      name: flutter_absolute_path
      sha256: "2887f5b22df54282fd0a06a62b4579f510f8947148f86387b47c791af56f9a3d"
      url: "https://pub.dartlang.org"
    source: hosted
    version: "1.0.6"
  flutter_blurhash:
    dependency: transitive
    description:
      name: flutter_blurhash
      sha256: "339d896c432b8d10d558620cc1614757f8f723b208eebde84531c620928a9230"
      url: "https://pub.dartlang.org"
    source: hosted
    version: "0.5.0"
  flutter_bugly:
    dependency: "direct main"
    description:
      path: "../packages/flutter_bugly"
      relative: true
    source: path
    version: "0.3.0+2"
  flutter_cache_manager:
    dependency: transitive
    description:
      name: flutter_cache_manager
      sha256: "661615cbef6fd908034b474e12abaca0ce5db5010f93eee68c0232669b1f02bd"
      url: "https://pub.dartlang.org"
    source: hosted
    version: "2.1.2"
  flutter_des:
    dependency: "direct main"
    description:
      name: flutter_des
      sha256: "555a9b334bd9b84edc5c40c2a3dd09356ec44b77023606dac41f56448acaf178"
      url: "https://pub.dartlang.org"
    source: hosted
    version: "2.2.0"
  flutter_easyrefresh:
    dependency: "direct main"
    description:
      name: flutter_easyrefresh
      sha256: "5d161ee5dcac34da9065116568147d742dd25fb9bff3b10024d9054b195087ad"
      url: "https://pub.dartlang.org"
    source: hosted
    version: "2.2.2"
  flutter_image_compress:
    dependency: "direct main"
    description:
      path: "../packages/flutter_image_compress"
      relative: true
    source: path
    version: "0.7.0"
  flutter_inappwebview:
    dependency: "direct main"
    description:
      name: flutter_inappwebview
      sha256: f73505c792cf083d5566e1a94002311be497d984b5607f25be36d685cf6361cf
      url: "https://pub.dartlang.org"
    source: hosted
    version: "5.7.2+3"
  flutter_launcher_icons:
    dependency: "direct dev"
    description:
      name: flutter_launcher_icons
      sha256: "75fa1d3d2b0ca6a04bbaa66ba2779f208747a995c42cbf500e42f120c9217c5f"
      url: "https://pub.dartlang.org"
    source: hosted
    version: "0.8.1"
  flutter_layout_grid:
    dependency: transitive
    description:
      name: flutter_layout_grid
      sha256: "5ba9ab92f096ba4131a4e9f4a740e87c689a6c01de61537ef81574e4d6ae292e"
      url: "https://pub.dartlang.org"
    source: hosted
    version: "0.10.5"
  flutter_localizations:
    dependency: "direct main"
    description: flutter
    source: sdk
    version: "0.0.0"
  flutter_markdown:
    dependency: "direct main"
    description:
      name: flutter_markdown
      sha256: ae66fdae7d49291378ca6b263356af8b539d348b99e42a83d12cb93e04f9a188
      url: "https://pub.dartlang.org"
    source: hosted
    version: "0.5.2"
  flutter_native_image:
    dependency: "direct main"
    description:
      name: flutter_native_image
      sha256: "0ff23d6222064259df8f85ea56925627ea1ec8658814672c5b6c23fc9174c65e"
      url: "https://pub.dartlang.org"
    source: hosted
    version: "0.0.6+1"
  flutter_native_loading:
    dependency: "direct main"
    description:
      path: "../packages/flutter_native_loading"
      relative: true
    source: path
    version: "0.0.1"
  flutter_native_splash:
    dependency: "direct dev"
    description:
      name: flutter_native_splash
      sha256: "6d686a39e5bd5d4f246924fd76c6ca9eabaa75095efb35898cfc07dcb8ce9379"
      url: "https://pub.dartlang.org"
    source: hosted
    version: "0.3.2"
  flutter_page_indicator:
    dependency: transitive
    description:
      name: flutter_page_indicator
      sha256: a5b2992228c2827b69faed3977681a3f5c313c7f13d72272decbb2923d1d7176
      url: "https://pub.dartlang.org"
    source: hosted
    version: "0.0.3"
  flutter_picker:
    dependency: "direct main"
    description:
      name: flutter_picker
      sha256: "2f94c6eefba8697b07e3cd008b75f06b4ba7053cb26d23ae0fcd5932b7dc75af"
      url: "https://pub.dartlang.org"
    source: hosted
    version: "2.1.0"
  flutter_plugin_android_lifecycle:
    dependency: transitive
    description:
      name: flutter_plugin_android_lifecycle
      sha256: "950e77c2bbe1692bc0874fc7fb491b96a4dc340457f4ea1641443d0a6c1ea360"
      url: "https://pub.dartlang.org"
    source: hosted
    version: "2.0.15"
  flutter_svg:
    dependency: transitive
    description:
      name: flutter_svg
      sha256: "676ae0d285e7c066b0400da7863aec1d14417b2f3858514b0e161d233c8495e2"
      url: "https://pub.dartlang.org"
    source: hosted
    version: "0.19.3"
  flutter_swiper:
    dependency: "direct main"
    description:
      name: flutter_swiper
      sha256: e52a0e894abfa4099a5d4e5098a00597f3b55e25617cdd19e6fe6be5d24858c7
      url: "https://pub.dartlang.org"
    source: hosted
    version: "1.1.6"
  flutter_test:
    dependency: "direct main"
    description: flutter
    source: sdk
    version: "0.0.0"
  flutter_user_agent:
    dependency: "direct main"
    description:
      path: "../packages/flutter_user_agent"
      relative: true
    source: path
    version: "1.2.1"
  flutter_web_plugins:
    dependency: transitive
    description: flutter
    source: sdk
    version: "0.0.0"
  flutter_widget_from_html:
    dependency: "direct main"
    description:
      path: "../packages/flutter_widget_from_html/packages/enhanced"
      relative: true
    source: path
    version: "0.5.1+5"
  flutter_widget_from_html_core:
    dependency: transitive
    description:
      name: flutter_widget_from_html_core
      sha256: "9f5a1e406f229cad5899811a29653cd7ae8e080da93d984e6625fcbfb77a33ff"
      url: "https://pub.dartlang.org"
    source: hosted
    version: "0.5.2+1"
  fluttertoast:
    dependency: "direct main"
    description:
      path: "../packages/flutter_toast"
      relative: true
    source: path
    version: "3.1.3"
  html:
    dependency: transitive
    description:
      name: html
      sha256: "49f0f00a6f85ecab782e641ad79377bfd4b4aea463178ac19cbf45ea8419c380"
      url: "https://pub.dartlang.org"
    source: hosted
    version: "0.14.0+4"
  http:
    dependency: transitive
    description:
      name: http
      sha256: "5895291c13fa8a3bd82e76d5627f69e0d85ca6a30dcac95c4ea19a5d555879c2"
      url: "https://pub.dartlang.org"
    source: hosted
    version: "0.13.6"
  http2:
    dependency: transitive
    description:
      name: http2
      sha256: "58805ebc6513eed3b98ee0a455a8357e61d187bf2e0fdc1e53120770f78de258"
      url: "https://pub.dartlang.org"
    source: hosted
    version: "2.0.1"
  http_parser:
    dependency: transitive
    description:
      name: http_parser
      sha256: "2aa08ce0341cc9b354a498388e30986515406668dbcc4f7c950c3e715496693b"
      url: "https://pub.dartlang.org"
    source: hosted
    version: "4.0.2"
  image:
    dependency: transitive
    description:
      name: image
      sha256: "3ef4d4b6eb16111f24314f6f85a8852ebb5f6f85ae51ed2bca72edc273c16734"
      url: "https://pub.dartlang.org"
    source: hosted
    version: "2.1.19"
  image_cropper:
    dependency: "direct main"
    description:
      name: image_cropper
      sha256: "60542ffd03436e6f80a1d7c9839f75b6a62b0a290cd98624fa29d150fdf672c8"
      url: "https://pub.dartlang.org"
    source: hosted
    version: "1.5.1"
  image_gallery_saver:
    dependency: "direct main"
    description:
      name: image_gallery_saver
      sha256: "0aba74216a4d9b0561510cb968015d56b701ba1bd94aace26aacdd8ae5761816"
      url: "https://pub.dartlang.org"
    source: hosted
    version: "2.0.3"
  image_picker:
    dependency: "direct main"
    description:
      name: image_picker
      sha256: "51ba8f589154254065cf51dcc268cd40ed46f6a4f50eff93826644a7c289d147"
      url: "https://pub.dartlang.org"
    source: hosted
    version: "0.8.0+4"
  image_picker_for_web:
    dependency: transitive
    description:
      name: image_picker_for_web
      sha256: "3a19a450114c989183d82345afdfb570056cdffe889f4e75539d558382f7bdbc"
      url: "https://pub.dartlang.org"
    source: hosted
    version: "2.0.0"
  image_picker_platform_interface:
    dependency: transitive
    description:
      name: image_picker_platform_interface
      sha256: df53f8e333cf8c187558c834e059e20d343e760570336b6703118261f9d1c169
      url: "https://pub.dartlang.org"
    source: hosted
    version: "2.0.0"
  import_js_library:
    dependency: transitive
    description:
      name: import_js_library
      sha256: a9c8e15b0f877c7141884e07073c61a6734d02ffffcd618b091091c5540bb5a0
      url: "https://pub.dartlang.org"
    source: hosted
    version: "1.0.2"
  intersperse:
    dependency: transitive
    description:
      name: intersperse
      sha256: "2f8a905c96f6cbba978644a3d5b31b8d86ddc44917662df7d27a61f3df66a576"
      url: "https://pub.dartlang.org"
    source: hosted
    version: "2.0.0"
  intl:
    dependency: transitive
    description:
      name: intl
      sha256: "910f85bce16fb5c6f614e117efa303e85a1731bb0081edf3604a2ae6e9a3cc91"
      url: "https://pub.dartlang.org"
    source: hosted
    version: "0.17.0"
  js:
    dependency: transitive
    description:
      name: js
      sha256: "5528c2f391ededb7775ec1daa69e65a2d61276f7552de2b5f7b8d34ee9fd4ab7"
      url: "https://pub.dartlang.org"
    source: hosted
    version: "0.6.5"
  like_button:
    dependency: "direct main"
    description:
      name: like_button
      sha256: "08e6a45b78888412df5d351786c550205ad3a677e72a0820d5bbc0b063c8a463"
      url: "https://pub.dartlang.org"
    source: hosted
    version: "2.0.5"
  macos_ui:
    dependency: transitive
    description:
      name: macos_ui
      sha256: "57208eec8180656acd379e1c754e9b6d8830f32a020b94571ae2188f8112075b"
      url: "https://pub.dartlang.org"
    source: hosted
    version: "1.12.2"
  markdown:
    dependency: transitive
    description:
      name: markdown
      sha256: "26d6fafd6e3fd62a9d6b098be0a26f7cc723b13b04166bae16d81ddc74b5cd65"
      url: "https://pub.dartlang.org"
    source: hosted
    version: "3.0.0"
  matcher:
    dependency: transitive
    description:
      name: matcher
      sha256: "16db949ceee371e9b99d22f88fa3a73c4e59fd0afed0bd25fc336eb76c198b72"
      url: "https://pub.dartlang.org"
    source: hosted
    version: "0.12.13"
  material_color_utilities:
    dependency: transitive
    description:
      name: material_color_utilities
      sha256: d92141dc6fe1dad30722f9aa826c7fbc896d021d792f80678280601aff8cf724
      url: "https://pub.dartlang.org"
    source: hosted
    version: "0.2.0"
  md2_tab_indicator:
    dependency: "direct main"
    description:
      name: md2_tab_indicator
      sha256: "69dea9ee4027ab102581d49d89d9fce8f56747bf9a2aece4485423d51152a52f"
      url: "https://pub.dartlang.org"
    source: hosted
    version: "1.0.2"
  meta:
    dependency: transitive
    description:
      name: meta
      sha256: "6c268b42ed578a53088d834796959e4a1814b5e9e164f147f580a386e5decf42"
      url: "https://pub.dartlang.org"
    source: hosted
    version: "1.8.0"
  mime:
    dependency: transitive
    description:
      name: mime
      sha256: e4ff8e8564c03f255408decd16e7899da1733852a9110a58fe6d1b817684a63e
      url: "https://pub.dartlang.org"
    source: hosted
    version: "1.0.4"
  modal_bottom_sheet:
    dependency: "direct main"
    description:
      name: modal_bottom_sheet
      sha256: ef533916a2c3089571c32bd34e410faca77a6849a3f28f748e0794525c5658a0
      url: "https://pub.dartlang.org"
    source: hosted
    version: "2.1.2"
  multi_image_picker:
    dependency: "direct main"
    description:
      name: multi_image_picker
      sha256: "3071bef51d4165f152bde7e22b6f6769745acd5939d70b9fc3d0c9137dbd0a15"
      url: "https://pub.dartlang.org"
    source: hosted
    version: "4.8.01"
  nested:
    dependency: transitive
    description:
      name: nested
      sha256: "03bac4c528c64c95c722ec99280375a6f2fc708eec17c7b3f07253b626cd2a20"
      url: "https://pub.dartlang.org"
    source: hosted
    version: "1.0.0"
  nine_grid_view:
    dependency: "direct main"
    description:
      name: nine_grid_view
      sha256: "40785a2f73ad541536cbf7fd1010a02f06a51d0bd058d05629a5f04df2d1a086"
      url: "https://pub.dartlang.org"
    source: hosted
    version: "2.0.0"
  octo_image:
    dependency: transitive
    description:
      name: octo_image
      sha256: a261b7ac13f1129286e07206264f0df66d233f9aac3381566e09a5c0dfc30652
      url: "https://pub.dartlang.org"
    source: hosted
    version: "0.3.0"
  package_info:
    dependency: "direct main"
    description:
      name: package_info
      sha256: "6c07d9d82c69e16afeeeeb6866fe43985a20b3b50df243091bfc4a4ad2b03b75"
      url: "https://pub.dartlang.org"
    source: hosted
    version: "2.0.2"
  path:
    dependency: transitive
    description:
      name: path
      sha256: db9d4f58c908a4ba5953fcee2ae317c94889433e5024c27ce74a37f94267945b
      url: "https://pub.dartlang.org"
    source: hosted
    version: "1.8.2"
  path_drawing:
    dependency: transitive
    description:
      name: path_drawing
      sha256: b3dd74e2210b2b71be3d3098b956dbab853ee43a86918b4bc20c9b9bd49f03f3
      url: "https://pub.dartlang.org"
    source: hosted
    version: "0.4.1+1"
  path_parsing:
    dependency: transitive
    description:
      name: path_parsing
      sha256: "4e613c811d25f1533c0d05eb2755e21410247b8a13ac7f6cd23c0cecb2ff683d"
      url: "https://pub.dartlang.org"
    source: hosted
    version: "0.1.4"
  path_provider:
    dependency: transitive
    description:
      name: path_provider
      sha256: "050e8e85e4b7fecdf2bb3682c1c64c4887a183720c802d323de8a5fd76d372dd"
      url: "https://pub.dartlang.org"
    source: hosted
    version: "2.0.11"
  path_provider_android:
    dependency: transitive
    description:
      name: path_provider_android
      sha256: "1667b3926378bba6bbd1c8c4ddd68fab6a2825f27a285bd55370c1b12f21440a"
      url: "https://pub.dartlang.org"
    source: hosted
    version: "2.0.9"
  path_provider_ios:
    dependency: transitive
    description:
      name: path_provider_ios
      sha256: "03d639406f5343478352433f00d3c4394d52dac8df3d847869c5e2333e0bbce8"
      url: "https://pub.dartlang.org"
    source: hosted
    version: "2.0.11"
  path_provider_linux:
    dependency: transitive
    description:
      name: path_provider_linux
      sha256: ffbb8cc9ed2c9ec0e4b7a541e56fd79b138e8f47d2fb86815f15358a349b3b57
      url: "https://pub.dartlang.org"
    source: hosted
    version: "2.1.11"
  path_provider_macos:
    dependency: transitive
    description:
      name: path_provider_macos
      sha256: "4e9a9637dfeba8c35f598238c63adc6e77121b16d81ae97ad21b952a67c83a64"
      url: "https://pub.dartlang.org"
    source: hosted
    version: "2.0.3"
  path_provider_platform_interface:
    dependency: transitive
    description:
      name: path_provider_platform_interface
      sha256: "2e14fc474b8acfc4111ac8eb0e37c2fe70234f9f8cd796f1560d03aa1689fa51"
      url: "https://pub.dartlang.org"
    source: hosted
    version: "2.0.0"
  path_provider_windows:
    dependency: transitive
    description:
      name: path_provider_windows
      sha256: "1cb68ba4cd3a795033de62ba1b7b4564dace301f952de6bfb3cd91b202b6ee96"
      url: "https://pub.dartlang.org"
    source: hosted
    version: "2.1.7"
  pedantic:
    dependency: transitive
    description:
      name: pedantic
      sha256: "67fc27ed9639506c856c840ccce7594d0bdcd91bc8d53d6e52359449a1d50602"
      url: "https://pub.dartlang.org"
    source: hosted
    version: "1.11.1"
  permission_handler:
    dependency: "direct main"
    description:
      name: permission_handler
      sha256: fb4666087528b1cbf91d98771cf50b14f36f4d8756ec7e7a8629dd3cb55442b7
      url: "https://pub.dartlang.org"
    source: hosted
    version: "5.1.0+2"
  permission_handler_platform_interface:
    dependency: transitive
    description:
      name: permission_handler_platform_interface
      sha256: f7e3c798f7c4dd215e4ca8843695b3a63a5b79c9aa04f296d316f13a15d518ba
      url: "https://pub.dartlang.org"
    source: hosted
    version: "2.0.2"
  petitparser:
    dependency: transitive
    description:
      name: petitparser
      sha256: fe07f9345bf03ff0c881d1f5494e20cc40206780ca5dea86aab8037cb49af5f2
      url: "https://pub.dartlang.org"
    source: hosted
    version: "3.1.0"
  photo_view:
    dependency: "direct main"
    description:
      name: photo_view
      sha256: "8036802a00bae2a78fc197af8a158e3e2f7b500561ed23b4c458107685e645bb"
      url: "https://pub.dartlang.org"
    source: hosted
    version: "0.14.0"
  platform:
    dependency: transitive
    description:
      name: platform
      sha256: "4a451831508d7d6ca779f7ac6e212b4023dd5a7d08a27a63da33756410e32b76"
      url: "https://pub.dartlang.org"
    source: hosted
    version: "3.1.0"
  plugin_platform_interface:
    dependency: transitive
    description:
      name: plugin_platform_interface
      sha256: c3ebbff365bfb1b5f7b690c9857d2dabea167f35b05eb7586186499b407efb37
      url: "https://pub.dartlang.org"
    source: hosted
    version: "1.0.3"
  pretty_dio_logger:
    dependency: "direct main"
    description:
      name: pretty_dio_logger
      sha256: "00b80053063935cf9a6190da344c5373b9d0e92da4c944c878ff2fbef0ef6dc2"
      url: "https://pub.dartlang.org"
    source: hosted
    version: "1.3.1"
  provider:
    dependency: "direct main"
    description:
      name: provider
      sha256: cdbe7530b12ecd9eb455bdaa2fcb8d4dad22e80b8afb4798b41479d5ce26847f
      url: "https://pub.dartlang.org"
    source: hosted
    version: "6.0.5"
  quiver:
    dependency: transitive
    description:
      name: quiver
      sha256: e83f7ad1e6375da1400b54eea8793bba804d1731d68c5694490bf9296cd3ca24
      url: "https://pub.dartlang.org"
    source: hosted
    version: "2.1.5"
  rxdart:
    dependency: transitive
    description:
      name: rxdart
      sha256: c7cd7ceed33a8fdf7333f29058af577ae71be670132a70b013084b30e0d9e3c3
      url: "https://pub.dartlang.org"
    source: hosted
    version: "0.25.0"
  share:
    dependency: "direct main"
    description:
      name: share
      sha256: "97e6403f564ed1051a01534c2fc919cb6e40ea55e60a18ec23cee6e0ce19f4be"
      url: "https://pub.dartlang.org"
    source: hosted
    version: "2.0.4"
  shared_preferences:
    dependency: "direct main"
    description:
      name: shared_preferences
      sha256: "78528fd87d0d08ffd3e69551173c026e8eacc7b7079c82eb6a77413957b7e394"
      url: "https://pub.dartlang.org"
    source: hosted
    version: "2.0.20"
  shared_preferences_android:
    dependency: transitive
    description:
      name: shared_preferences_android
      sha256: ad423a80fe7b4e48b50d6111b3ea1027af0e959e49d485712e134863d9c1c521
      url: "https://pub.dartlang.org"
    source: hosted
    version: "2.0.17"
  shared_preferences_foundation:
    dependency: transitive
    description:
      name: shared_preferences_foundation
      sha256: "1e755f8583229f185cfca61b1d80fb2344c9d660e1c69ede5450d8f478fa5310"
      url: "https://pub.dartlang.org"
    source: hosted
    version: "2.1.5"
  shared_preferences_linux:
    dependency: transitive
    description:
      name: shared_preferences_linux
      sha256: "3a59ed10890a8409ad0faad7bb2957dab4b92b8fbe553257b05d30ed8af2c707"
      url: "https://pub.dartlang.org"
    source: hosted
    version: "2.1.5"
  shared_preferences_platform_interface:
    dependency: transitive
    description:
      name: shared_preferences_platform_interface
      sha256: "992f0fdc46d0a3c0ac2e5859f2de0e577bbe51f78a77ee8f357cbe626a2ad32d"
      url: "https://pub.dartlang.org"
    source: hosted
    version: "2.0.0"
  shared_preferences_web:
    dependency: transitive
    description:
      name: shared_preferences_web
      sha256: "0dc2633f215a3d4aa3184c9b2c5766f4711e4e5a6b256e62aafee41f89f1bfb8"
      url: "https://pub.dartlang.org"
    source: hosted
    version: "2.0.6"
  shared_preferences_windows:
    dependency: transitive
    description:
      name: shared_preferences_windows
      sha256: "71bcd669bb9cdb6b39f22c4a7728b6d49e934f6cba73157ffa5a54f1eed67436"
      url: "https://pub.dartlang.org"
    source: hosted
    version: "2.1.5"
  should_rebuild:
    dependency: "direct main"
    description:
      name: should_rebuild
      sha256: "33b49e41c9053ac4e07a1bad7cde32c08cb39aeab07db462684ab1061c63b9a6"
      url: "https://pub.dartlang.org"
    source: hosted
    version: "1.0.1"
  sky_engine:
    dependency: transitive
    description: flutter
    source: sdk
    version: "0.0.99"
  source_span:
    dependency: transitive
    description:
      name: source_span
      sha256: dd904f795d4b4f3b870833847c461801f6750a9fa8e61ea5ac53f9422b31f250
      url: "https://pub.dartlang.org"
    source: hosted
    version: "1.9.1"
  sqflite:
    dependency: transitive
    description:
      name: sqflite
      sha256: b4d6710e1200e96845747e37338ea8a819a12b51689a3bcf31eff0003b37a0b9
      url: "https://pub.dartlang.org"
    source: hosted
    version: "2.2.8+4"
  sqflite_common:
    dependency: transitive
    description:
      name: sqflite_common
      sha256: "8f7603f3f8f126740bc55c4ca2d1027aab4b74a1267a3e31ce51fe40e3b65b8f"
      url: "https://pub.dartlang.org"
    source: hosted
    version: "2.4.5+1"
  stack_trace:
    dependency: transitive
    description:
      name: stack_trace
      sha256: c3c7d8edb15bee7f0f74debd4b9c5f3c2ea86766fe4178eb2a18eb30a0bdaed5
      url: "https://pub.dartlang.org"
    source: hosted
    version: "1.11.0"
  status_alert:
    dependency: "direct main"
    description:
      path: "../packages/flutter_status_alert"
      relative: true
    source: path
    version: "0.1.2"
  stream_channel:
    dependency: transitive
    description:
      name: stream_channel
      sha256: "83615bee9045c1d322bbbd1ba209b7a749c2cbcdcb3fdd1df8eb488b3279c1c8"
      url: "https://pub.dartlang.org"
    source: hosted
    version: "2.1.1"
  string_scanner:
    dependency: transitive
    description:
      name: string_scanner
      sha256: "556692adab6cfa87322a115640c11f13cb77b3f076ddcc5d6ae3c20242bedcde"
      url: "https://pub.dartlang.org"
    source: hosted
    version: "1.2.0"
  synchronized:
    dependency: transitive
    description:
      name: synchronized
      sha256: "5fcbd27688af6082f5abd611af56ee575342c30e87541d0245f7ff99faa02c60"
      url: "https://pub.dartlang.org"
    source: hosted
    version: "3.1.0"
  term_glyph:
    dependency: transitive
    description:
      name: term_glyph
      sha256: a29248a84fbb7c79282b40b8c72a1209db169a2e0542bce341da992fe1bc7e84
      url: "https://pub.dartlang.org"
    source: hosted
    version: "1.2.1"
  test_api:
    dependency: transitive
    description:
      name: test_api
      sha256: ad540f65f92caa91bf21dfc8ffb8c589d6e4dc0c2267818b4cc2792857706206
      url: "https://pub.dartlang.org"
    source: hosted
    version: "0.4.16"
  transformer_page_view:
    dependency: transitive
    description:
      name: transformer_page_view
      sha256: "2210531bc4148831061c575070173f32693415be8bbbf5bd2159a38f2adff61c"
      url: "https://pub.dartlang.org"
    source: hosted
    version: "0.1.6"
  typed_data:
    dependency: transitive
    description:
      name: typed_data
      sha256: facc8d6582f16042dd49f2463ff1bd6e2c9ef9f3d5da3d9b087e244a7b564b3c
      url: "https://pub.dartlang.org"
    source: hosted
    version: "1.3.2"
  universal_io:
    dependency: transitive
    description:
      name: universal_io
      sha256: "06866290206d196064fd61df4c7aea1ffe9a4e7c4ccaa8fcded42dd41948005d"
      url: "https://pub.dartlang.org"
    source: hosted
    version: "2.2.0"
  url_launcher:
    dependency: "direct main"
    description:
      name: url_launcher
      sha256: e1e0c46fcd777c0f0bd7f4541b747c28ad4e925f93344cebf667ef76c695533a
      url: "https://pub.dartlang.org"
    source: hosted
    version: "5.7.10"
  url_launcher_linux:
    dependency: transitive
    description:
      name: url_launcher_linux
      sha256: c489023cdd864a19c0be63bb3796bec21ea4bc16bfe09568953f1828e02151c9
      url: "https://pub.dartlang.org"
    source: hosted
    version: "0.0.1+4"
  url_launcher_macos:
    dependency: transitive
    description:
      name: url_launcher_macos
      sha256: be04eac5076414469027ce068c360478c3e56e43205bb7efaaa61cbdd3ba890d
      url: "https://pub.dartlang.org"
    source: hosted
    version: "0.0.1+9"
  url_launcher_platform_interface:
    dependency: transitive
    description:
      name: url_launcher_platform_interface
      sha256: c6bd00f46e8c348703d0ae691850eb2052be8e1338dc3ae6f72af53b962da157
      url: "https://pub.dartlang.org"
    source: hosted
    version: "1.0.9"
  url_launcher_web:
    dependency: transitive
    description:
      name: url_launcher_web
      sha256: eaa6de8ac353681794533edcedd69dd8b39ed987bf2360d172185eff8283dbc2
      url: "https://pub.dartlang.org"
    source: hosted
    version: "0.1.5+3"
  url_launcher_windows:
    dependency: transitive
    description:
      name: url_launcher_windows
      sha256: "034479b1dafd8f01de81267d8117eb5ae019e0dddcc23f4b14ed31253a2635d9"
      url: "https://pub.dartlang.org"
    source: hosted
    version: "0.0.1+3"
  uuid:
    dependency: transitive
    description:
      name: uuid
      sha256: bd96a5d86e807b44cac699f9735ef29d1e3354a96f4b2f7152000bae4c6d81b0
      url: "https://pub.dartlang.org"
    source: hosted
    version: "2.2.2"
  vector_math:
    dependency: transitive
    description:
      name: vector_math
      sha256: "80b3257d1492ce4d091729e3a67a60407d227c27241d6927be0130c98e741803"
      url: "https://pub.dartlang.org"
    source: hosted
    version: "2.1.4"
  video_player:
    dependency: "direct main"
    description:
      name: video_player
      sha256: "458e154aa80d92b23680e7ae46f3166a32d93fbc712c3e42556a9d6339b487c0"
      url: "https://pub.dartlang.org"
    source: hosted
    version: "1.0.1"
  video_player_platform_interface:
    dependency: transitive
    description:
      name: video_player_platform_interface
      sha256: bb4802458d45af51566048bcacd4977e2fbc1539bc6aa683893e8c82d009fa9c
      url: "https://pub.dartlang.org"
    source: hosted
    version: "2.2.0"
  video_player_web:
    dependency: transitive
    description:
      name: video_player_web
      sha256: "1b0fb9d61cc7dc4e4a79c1ca9d1903ba97bb1b8571868262184e9190babb1241"
      url: "https://pub.dartlang.org"
    source: hosted
    version: "0.1.4+1"
  visibility_detector:
    dependency: transitive
    description:
      name: visibility_detector
      sha256: "15c54a459ec2c17b4705450483f3d5a2858e733aee893dcee9d75fd04814940d"
      url: "https://pub.dartlang.org"
    source: hosted
    version: "0.3.3"
  wakelock:
    dependency: transitive
    description:
      name: wakelock
      sha256: "0a9fd741c602c63b78c553ff4746927b38fc8d2148206eeae5642643cb38dbd8"
      url: "https://pub.dartlang.org"
    source: hosted
    version: "0.2.1+1"
  wakelock_platform_interface:
    dependency: transitive
    description:
      name: wakelock_platform_interface
      sha256: d4415b8e4b93b4c2981a22fd3809503dec1b802ae15b7a9d6635147b1a1a8442
      url: "https://pub.dartlang.org"
    source: hosted
    version: "0.1.0+1"
  wakelock_web:
    dependency: transitive
    description:
      name: wakelock_web
      sha256: bf81ce83d62ac362ee4f3b5d57abd3dcadc38b9d0fc26024dd6a0ad1934fd125
      url: "https://pub.dartlang.org"
    source: hosted
    version: "0.1.0+3"
  webview_flutter:
    dependency: "direct main"
    description:
      name: webview_flutter
      sha256: "3a7de5af6ee86cbbbe7ba106fd5d189fb2bf1934a5770cf3daf1d30d1cca1f86"
      url: "https://pub.dartlang.org"
    source: hosted
    version: "1.0.7"
  win32:
    dependency: transitive
    description:
      name: win32
      sha256: "5a751eddf9db89b3e5f9d50c20ab8612296e4e8db69009788d6c8b060a84191c"
      url: "https://pub.dartlang.org"
    source: hosted
    version: "4.1.4"
  xdg_directories:
    dependency: transitive
    description:
      name: xdg_directories
      sha256: e0b1147eec179d3911f1f19b59206448f78195ca1d20514134e10641b7d7fbff
      url: "https://pub.dartlang.org"
    source: hosted
    version: "1.0.1"
  xml:
    dependency: transitive
    description:
      name: xml
      sha256: "4c4262c7dcf7b66fa8743cdfd37ccac03d6d50d3de4084b1a528de3107540752"
      url: "https://pub.dartlang.org"
    source: hosted
    version: "4.5.1"
  yaml:
    dependency: "direct main"
    description:
      name: yaml
      sha256: "5ec3d7ffef5a113f664e4c61c08508e23acb2d87021645468967200d684b9274"
      url: "https://pub.dartlang.org"
    source: hosted
    version: "2.2.1"
sdks:
  dart: ">=2.10.2 <2.11.0"
  flutter: ">=1.22.4"
